{
  "name": "structured-cli",
  "version": "0.2.0",
  "lockfileVersion": 3,
  "requires": true,
  "packages": {
    "": {
      "name": "structured-cli",
      "version": "0.2.0",
      "license": "SEE LICENSE IN license.txt",
      "dependencies": {
        "app-root-path": "^3.1.0",
        "lodash": "^4.12.0",
        "madonna-fp": "github:olsonpm/madonna-fp#ca65bd4e0ee76d69dbc571db264aa9980387bec8",
        "madonna-function": "github:olsonpm/madonna-function#7cfd2afb4f2513b017bf197cda557591c63a67d3",
        "word-wrap": "github:olsonpm/word-wrap#5d56ebce95623d844ed7c0329763de0b30475b22"
      }
    },
    "node_modules/app-root-path": {
      "version": "3.1.0",
      "resolved": "https://registry.npmjs.org/app-root-path/-/app-root-path-3.1.0.tgz",
      "integrity": "sha512-biN3PwB2gUtjaYy/isrU3aNWI5w+fAfvHkSvCKeQGxhmYpwKFUxudR3Yya+KqVRHBmEDYh+/lTozYCFbmzX4nA==",
      "engines": {
        "node": ">= 6.0.0"
      }
    },
    "node_modules/deep-freeze-strict": {
      "version": "1.1.1",
      "resolved": "https://registry.npmjs.org/deep-freeze-strict/-/deep-freeze-strict-1.1.1.tgz",
      "integrity": "sha512-QemROZMM2IvhAcCFvahdX2Vbm4S/txeq5rFYU9fh4mQP79WTMW5c/HkQ2ICl1zuzcDZdPZ6zarDxQeQMsVYoNA=="
    },
    "node_modules/lodash": {
      "version": "4.17.21",
      "resolved": "https://registry.npmjs.org/lodash/-/lodash-4.17.21.tgz",
      "integrity": "sha512-v2kDEe57lecTulaDIuNTPy3Ry4gLGJ6Z1O3vE1krgXZNrsQ+LFTGHVxVjcXPs17LhbZVGedAJv8XZ1tvj5FvSg=="
    },
    "node_modules/madonna-fp": {
      "version": "0.1.0",
      "resolved": "git+ssh://git@github.com/olsonpm/madonna-fp.git#ca65bd4e0ee76d69dbc571db264aa9980387bec8",
      "integrity": "sha512-sZmJKbOPtgtqQanxCiL3QLp4R5OBT7F/w/vquOdAF2fGd8axELDtJn7QQvpQjGt00be6gPgM6mxW0mN3LGnjwg==",
      "dependencies": {
        "deep-freeze-strict": "^1.1.1",
        "lodash": "^4.8.2"
      },
      "engines": {
        "node": ">=0.10.0"
      }
    },
    "node_modules/madonna-function": {
      "version": "0.1.0",
      "resolved": "git+ssh://git@github.com/olsonpm/madonna-function.git#7cfd2afb4f2513b017bf197cda557591c63a67d3",
      "integrity": "sha512-niYLNwuoVlj2SGLGRbiEEyO5fc0Gsusa83z+AIl8mARYqfZewANfIVd+5j+HF6ZTEtEi2HSfQ7xb4Ww5b+5Vug==",
      "dependencies": {
        "lodash": "^4.12.0",
        "madonna-fp": "github:olsonpm/madonna-fp#ca65bd4e0ee76d69dbc571db264aa9980387bec8",
        "madonna-internal-fn": "github:olsonpm/madonna-internal-fn#a32901fc2143b3a5dfc89c9d89524d193e479a34",
        "madonna-map": "github:olsonpm/madonna-map#96e218ae32db59779374f6435165f3d281d330ab"
      }
    },
    "node_modules/madonna-internal-fn": {
      "version": "0.1.0",
      "resolved": "git+ssh://git@github.com/olsonpm/madonna-internal-fn.git#a32901fc2143b3a5dfc89c9d89524d193e479a34",
      "integrity": "sha512-tcquS8xi2F/PHvSAkpGHQaQbaycyrVb5BOa04ecsp85ssio2xTLjou+EmP6/e7kaFzGWsDe3fquiCrechS9AHg==",
      "dependencies": {
        "lodash": "^4.13.1",
        "madonna-fp": "github:olsonpm/madonna-fp#ca65bd4e0ee76d69dbc571db264aa9980387bec8"
      }
    },
    "node_modules/madonna-map": {
      "version": "0.1.0",
      "resolved": "git+ssh://git@github.com/olsonpm/madonna-map.git#96e218ae32db59779374f6435165f3d281d330ab",
      "integrity": "sha512-PxVSjiNetKCvk4wFXbJyOS8I8r8bc7A2erqFZZ8bJ1IuXDhw0uJv8C44DMbiSiITulNV/NS56wJb5Vj/UKJUyw==",
      "dependencies": {
        "lodash": "^4.12.0",
        "madonna-fp": "github:olsonpm/madonna-fp#ca65bd4e0ee76d69dbc571db264aa9980387bec8",
        "madonna-internal-fn": "github:olsonpm/madonna-internal-fn#a32901fc2143b3a5dfc89c9d89524d193e479a34"
      }
    },
    "node_modules/word-wrap": {
      "version": "1.1.0",
      "resolved": "git+ssh://git@github.com/olsonpm/word-wrap.git#5d56ebce95623d844ed7c0329763de0b30475b22",
      "integrity": "sha512-fVZX1U1q4BVhqMCBhqKW0Ov2TIB05vB9lfHnfkEDHKowLuwFitr7HOY8Y1JvYPIc1pSi2ao5phPGTlP9xYfSgA==",
      "engines": {
        "node": ">=0.8"
      }
    }
  }
}
